PODS:
  - Nimble (1.0.0-rc.1)
  - Quick (0.3.1)

DEPENDENCIES:
  - Nimble (from `https://github.com/Quick/Nimble`, branch `swift-2.0`)
  - Quick (from `https://github.com/Quick/Quick`, branch `swift-2.0`)

EXTERNAL SOURCES:
  Nimble:
    :branch: swift-2.0
    :git: https://github.com/Quick/Nimble
  Quick:
    :branch: swift-2.0
    :git: https://github.com/Quick/Quick

CHECKOUT OPTIONS:
  Nimble:
    :commit: 3102770b04cb716bc38f28add2feac15dbbbf2ab
    :git: https://github.com/Quick/Nimble
  Quick:
    :commit: a840a9e33a673e20a0225912c85bb314074cc161
    :git: https://github.com/Quick/Quick

SPEC CHECKSUMS:
  Nimble: 23f1dbddf1706172c7d740430858e5dfa93d997a
  Quick: 824572d3d198d51e52cf4aa722cebf7e59952a35

COCOAPODS: 0.37.2
