// !$*UTF8*$!
{
	archiveVersion = 1;
	classes = {
	};
	objectVersion = 46;
	objects = {

/* Begin PBXBuildFile section */
		1E11AF8A1943222D006BCE48 /* ExSwift.h in Headers */ = {isa = PBXBuildFile; fileRef = 1E11AF891943222D006BCE48 /* ExSwift.h */; settings = {ATTRIBUTES = (Public, ); }; };
		1E11AFA719432236006BCE48 /* ExSwiftDictionaryTests.swift in Sources */ = {isa = PBXBuildFile; fileRef = 1E11AFA119432236006BCE48 /* ExSwiftDictionaryTests.swift */; };
		1E11AFA819432236006BCE48 /* ExSwiftFloatTests.swift in Sources */ = {isa = PBXBuildFile; fileRef = 1E11AFA219432236006BCE48 /* ExSwiftFloatTests.swift */; };
		1E11AFA919432236006BCE48 /* ExSwiftIntTests.swift in Sources */ = {isa = PBXBuildFile; fileRef = 1E11AFA319432236006BCE48 /* ExSwiftIntTests.swift */; };
		1E11AFAA19432236006BCE48 /* ExSwiftRangeTests.swift in Sources */ = {isa = PBXBuildFile; fileRef = 1E11AFA419432236006BCE48 /* ExSwiftRangeTests.swift */; };
		1E11AFAB19432236006BCE48 /* ExSwiftStringTests.swift in Sources */ = {isa = PBXBuildFile; fileRef = 1E11AFA519432236006BCE48 /* ExSwiftStringTests.swift */; };
		1E11AFB21943225B006BCE48 /* Array.swift in Sources */ = {isa = PBXBuildFile; fileRef = 1E11AFAC1943225B006BCE48 /* Array.swift */; };
		1E11AFB41943225B006BCE48 /* Dictionary.swift in Sources */ = {isa = PBXBuildFile; fileRef = 1E11AFAD1943225B006BCE48 /* Dictionary.swift */; };
		1E11AFB61943225B006BCE48 /* Float.swift in Sources */ = {isa = PBXBuildFile; fileRef = 1E11AFAE1943225B006BCE48 /* Float.swift */; };
		1E11AFB81943225B006BCE48 /* Int.swift in Sources */ = {isa = PBXBuildFile; fileRef = 1E11AFAF1943225B006BCE48 /* Int.swift */; };
		1E11AFBA1943225B006BCE48 /* Range.swift in Sources */ = {isa = PBXBuildFile; fileRef = 1E11AFB01943225B006BCE48 /* Range.swift */; };
		1E11AFBC1943225B006BCE48 /* String.swift in Sources */ = {isa = PBXBuildFile; fileRef = 1E11AFB11943225B006BCE48 /* String.swift */; };
		1E1DABF5197ECF030070CFBC /* ExSwiftArrayTests.swift in Sources */ = {isa = PBXBuildFile; fileRef = 1E11AFA019432236006BCE48 /* ExSwiftArrayTests.swift */; };
		1E48E61E1973ED07006FEEC8 /* Double.swift in Sources */ = {isa = PBXBuildFile; fileRef = 1E48E61D1973ED07006FEEC8 /* Double.swift */; };
		1E48E61F1973ED07006FEEC8 /* Double.swift in Sources */ = {isa = PBXBuildFile; fileRef = 1E48E61D1973ED07006FEEC8 /* Double.swift */; };
		1E48E6201973ED07006FEEC8 /* Double.swift in Sources */ = {isa = PBXBuildFile; fileRef = 1E48E61D1973ED07006FEEC8 /* Double.swift */; };
		1E48E6211973ED07006FEEC8 /* Double.swift in Sources */ = {isa = PBXBuildFile; fileRef = 1E48E61D1973ED07006FEEC8 /* Double.swift */; };
		1E48E6231973ED22006FEEC8 /* ExSwiftDoubleTests.swift in Sources */ = {isa = PBXBuildFile; fileRef = 1E48E6221973ED22006FEEC8 /* ExSwiftDoubleTests.swift */; };
		1E48E6241973ED22006FEEC8 /* ExSwiftDoubleTests.swift in Sources */ = {isa = PBXBuildFile; fileRef = 1E48E6221973ED22006FEEC8 /* ExSwiftDoubleTests.swift */; };
		1EA5F68A194387CA00E8A40F /* ExSwiftTests.swift in Sources */ = {isa = PBXBuildFile; fileRef = 1EA5F689194387CA00E8A40F /* ExSwiftTests.swift */; };
		1EC241FC1946E91B0047109A /* NSArray.swift in Sources */ = {isa = PBXBuildFile; fileRef = 1EC241FB1946E91B0047109A /* NSArray.swift */; };
		1EC241FE1946E92E0047109A /* ExSwiftNSArrayTests.swift in Sources */ = {isa = PBXBuildFile; fileRef = 1EC241FD1946E92E0047109A /* ExSwiftNSArrayTests.swift */; };
		1ED536841943863100BDA94E /* ExSwift.swift in Sources */ = {isa = PBXBuildFile; fileRef = 1ED536831943863100BDA94E /* ExSwift.swift */; };
		1ED8FC30194EF9E1004F829A /* ExSwiftDictionaryTests.swift in Sources */ = {isa = PBXBuildFile; fileRef = 1E11AFA119432236006BCE48 /* ExSwiftDictionaryTests.swift */; };
		1ED8FC31194EF9E1004F829A /* ExSwiftFloatTests.swift in Sources */ = {isa = PBXBuildFile; fileRef = 1E11AFA219432236006BCE48 /* ExSwiftFloatTests.swift */; };
		1ED8FC32194EF9E1004F829A /* ExSwiftIntTests.swift in Sources */ = {isa = PBXBuildFile; fileRef = 1E11AFA319432236006BCE48 /* ExSwiftIntTests.swift */; };
		1ED8FC33194EF9E1004F829A /* ExSwiftRangeTests.swift in Sources */ = {isa = PBXBuildFile; fileRef = 1E11AFA419432236006BCE48 /* ExSwiftRangeTests.swift */; };
		1ED8FC34194EF9E1004F829A /* ExSwiftStringTests.swift in Sources */ = {isa = PBXBuildFile; fileRef = 1E11AFA519432236006BCE48 /* ExSwiftStringTests.swift */; };
		1ED8FC35194EF9E1004F829A /* ExSwiftTests.swift in Sources */ = {isa = PBXBuildFile; fileRef = 1EA5F689194387CA00E8A40F /* ExSwiftTests.swift */; };
		1ED8FC36194EF9E1004F829A /* ExSwiftNSArrayTests.swift in Sources */ = {isa = PBXBuildFile; fileRef = 1EC241FD1946E92E0047109A /* ExSwiftNSArrayTests.swift */; };
		2EB34F05195473AC00A8D2AF /* ExSwift.swift in Sources */ = {isa = PBXBuildFile; fileRef = 1ED536831943863100BDA94E /* ExSwift.swift */; };
		2EB34F06195473AC00A8D2AF /* Array.swift in Sources */ = {isa = PBXBuildFile; fileRef = 1E11AFAC1943225B006BCE48 /* Array.swift */; };
		2EB34F07195473AC00A8D2AF /* Dictionary.swift in Sources */ = {isa = PBXBuildFile; fileRef = 1E11AFAD1943225B006BCE48 /* Dictionary.swift */; };
		2EB34F08195473AC00A8D2AF /* Float.swift in Sources */ = {isa = PBXBuildFile; fileRef = 1E11AFAE1943225B006BCE48 /* Float.swift */; };
		2EB34F09195473AC00A8D2AF /* Int.swift in Sources */ = {isa = PBXBuildFile; fileRef = 1E11AFAF1943225B006BCE48 /* Int.swift */; };
		2EB34F0A195473AC00A8D2AF /* Range.swift in Sources */ = {isa = PBXBuildFile; fileRef = 1E11AFB01943225B006BCE48 /* Range.swift */; };
		2EB34F0B195473AC00A8D2AF /* String.swift in Sources */ = {isa = PBXBuildFile; fileRef = 1E11AFB11943225B006BCE48 /* String.swift */; };
		2EB34F0C195473AC00A8D2AF /* NSArray.swift in Sources */ = {isa = PBXBuildFile; fileRef = 1EC241FB1946E91B0047109A /* NSArray.swift */; };
		2EB34F0D1954744D00A8D2AF /* ExSwift.swift in Sources */ = {isa = PBXBuildFile; fileRef = 1ED536831943863100BDA94E /* ExSwift.swift */; };
		2EB34F0E1954744D00A8D2AF /* Array.swift in Sources */ = {isa = PBXBuildFile; fileRef = 1E11AFAC1943225B006BCE48 /* Array.swift */; };
		2EB34F0F1954744D00A8D2AF /* Dictionary.swift in Sources */ = {isa = PBXBuildFile; fileRef = 1E11AFAD1943225B006BCE48 /* Dictionary.swift */; };
		2EB34F101954744D00A8D2AF /* Float.swift in Sources */ = {isa = PBXBuildFile; fileRef = 1E11AFAE1943225B006BCE48 /* Float.swift */; };
		2EB34F111954744D00A8D2AF /* Int.swift in Sources */ = {isa = PBXBuildFile; fileRef = 1E11AFAF1943225B006BCE48 /* Int.swift */; };
		2EB34F121954744D00A8D2AF /* Range.swift in Sources */ = {isa = PBXBuildFile; fileRef = 1E11AFB01943225B006BCE48 /* Range.swift */; };
		2EB34F131954744D00A8D2AF /* String.swift in Sources */ = {isa = PBXBuildFile; fileRef = 1E11AFB11943225B006BCE48 /* String.swift */; };
		2EB34F141954744D00A8D2AF /* NSArray.swift in Sources */ = {isa = PBXBuildFile; fileRef = 1EC241FB1946E91B0047109A /* NSArray.swift */; };
		2EC02FC9194ED0F000619CB5 /* ExSwiftArrayTests.swift in Sources */ = {isa = PBXBuildFile; fileRef = 1E11AFA019432236006BCE48 /* ExSwiftArrayTests.swift */; };
		2EC02FCA194ED10500619CB5 /* ExSwift.swift in Sources */ = {isa = PBXBuildFile; fileRef = 1ED536831943863100BDA94E /* ExSwift.swift */; };
		2EC02FCB194ED10500619CB5 /* Array.swift in Sources */ = {isa = PBXBuildFile; fileRef = 1E11AFAC1943225B006BCE48 /* Array.swift */; };
		2EC02FCC194ED10500619CB5 /* Dictionary.swift in Sources */ = {isa = PBXBuildFile; fileRef = 1E11AFAD1943225B006BCE48 /* Dictionary.swift */; };
		2EC02FCD194ED10500619CB5 /* Float.swift in Sources */ = {isa = PBXBuildFile; fileRef = 1E11AFAE1943225B006BCE48 /* Float.swift */; };
		2EC02FCE194ED10500619CB5 /* Int.swift in Sources */ = {isa = PBXBuildFile; fileRef = 1E11AFAF1943225B006BCE48 /* Int.swift */; };
		2EC02FCF194ED10500619CB5 /* Range.swift in Sources */ = {isa = PBXBuildFile; fileRef = 1E11AFB01943225B006BCE48 /* Range.swift */; };
		2EC02FD0194ED10500619CB5 /* String.swift in Sources */ = {isa = PBXBuildFile; fileRef = 1E11AFB11943225B006BCE48 /* String.swift */; };
		2EC02FD1194ED10500619CB5 /* NSArray.swift in Sources */ = {isa = PBXBuildFile; fileRef = 1EC241FB1946E91B0047109A /* NSArray.swift */; };
		2EC02FD2194ED10500619CB5 /* ExSwift.h in Headers */ = {isa = PBXBuildFile; fileRef = 1E11AF891943222D006BCE48 /* ExSwift.h */; settings = {ATTRIBUTES = (Public, ); }; };
		3C0AB978195C7FAF0009BDA0 /* Sequence.swift in Sources */ = {isa = PBXBuildFile; fileRef = 3C0AB977195C7FAF0009BDA0 /* Sequence.swift */; };
		3C0AB979195C7FB20009BDA0 /* Sequence.swift in Sources */ = {isa = PBXBuildFile; fileRef = 3C0AB977195C7FAF0009BDA0 /* Sequence.swift */; };
		3C0AB97A195C7FB30009BDA0 /* Sequence.swift in Sources */ = {isa = PBXBuildFile; fileRef = 3C0AB977195C7FAF0009BDA0 /* Sequence.swift */; };
		3C0AB97B195C7FB30009BDA0 /* Sequence.swift in Sources */ = {isa = PBXBuildFile; fileRef = 3C0AB977195C7FAF0009BDA0 /* Sequence.swift */; };
		3C0AB97D195C7FBC0009BDA0 /* ExSwiftSequenceTests.swift in Sources */ = {isa = PBXBuildFile; fileRef = 3C0AB97C195C7FBC0009BDA0 /* ExSwiftSequenceTests.swift */; };
		3C0AB97E195C7FC20009BDA0 /* ExSwiftSequenceTests.swift in Sources */ = {isa = PBXBuildFile; fileRef = 3C0AB97C195C7FBC0009BDA0 /* ExSwiftSequenceTests.swift */; };
/* End PBXBuildFile section */

/* Begin PBXFileReference section */
		1E11AF841943222D006BCE48 /* ExSwift.framework */ = {isa = PBXFileReference; explicitFileType = wrapper.framework; includeInIndex = 0; path = ExSwift.framework; sourceTree = BUILT_PRODUCTS_DIR; };
		1E11AF881943222D006BCE48 /* Info.plist */ = {isa = PBXFileReference; lastKnownFileType = text.plist.xml; path = Info.plist; sourceTree = "<group>"; };
		1E11AF891943222D006BCE48 /* ExSwift.h */ = {isa = PBXFileReference; lastKnownFileType = sourcecode.c.h; path = ExSwift.h; sourceTree = "<group>"; };
		1E11AF8F1943222D006BCE48 /* ExSwiftTests.xctest */ = {isa = PBXFileReference; explicitFileType = wrapper.cfbundle; includeInIndex = 0; path = ExSwiftTests.xctest; sourceTree = BUILT_PRODUCTS_DIR; };
		1E11AF951943222D006BCE48 /* Info.plist */ = {isa = PBXFileReference; lastKnownFileType = text.plist.xml; path = Info.plist; sourceTree = "<group>"; };
		1E11AFA019432236006BCE48 /* ExSwiftArrayTests.swift */ = {isa = PBXFileReference; fileEncoding = 4; lastKnownFileType = sourcecode.swift; path = ExSwiftArrayTests.swift; sourceTree = "<group>"; };
		1E11AFA119432236006BCE48 /* ExSwiftDictionaryTests.swift */ = {isa = PBXFileReference; fileEncoding = 4; lastKnownFileType = sourcecode.swift; path = ExSwiftDictionaryTests.swift; sourceTree = "<group>"; };
		1E11AFA219432236006BCE48 /* ExSwiftFloatTests.swift */ = {isa = PBXFileReference; fileEncoding = 4; lastKnownFileType = sourcecode.swift; path = ExSwiftFloatTests.swift; sourceTree = "<group>"; };
		1E11AFA319432236006BCE48 /* ExSwiftIntTests.swift */ = {isa = PBXFileReference; fileEncoding = 4; lastKnownFileType = sourcecode.swift; path = ExSwiftIntTests.swift; sourceTree = "<group>"; };
		1E11AFA419432236006BCE48 /* ExSwiftRangeTests.swift */ = {isa = PBXFileReference; fileEncoding = 4; lastKnownFileType = sourcecode.swift; path = ExSwiftRangeTests.swift; sourceTree = "<group>"; };
		1E11AFA519432236006BCE48 /* ExSwiftStringTests.swift */ = {isa = PBXFileReference; fileEncoding = 4; lastKnownFileType = sourcecode.swift; path = ExSwiftStringTests.swift; sourceTree = "<group>"; };
		1E11AFAC1943225B006BCE48 /* Array.swift */ = {isa = PBXFileReference; fileEncoding = 4; lastKnownFileType = sourcecode.swift; path = Array.swift; sourceTree = "<group>"; };
		1E11AFAD1943225B006BCE48 /* Dictionary.swift */ = {isa = PBXFileReference; fileEncoding = 4; lastKnownFileType = sourcecode.swift; path = Dictionary.swift; sourceTree = "<group>"; };
		1E11AFAE1943225B006BCE48 /* Float.swift */ = {isa = PBXFileReference; fileEncoding = 4; lastKnownFileType = sourcecode.swift; path = Float.swift; sourceTree = "<group>"; };
		1E11AFAF1943225B006BCE48 /* Int.swift */ = {isa = PBXFileReference; fileEncoding = 4; lastKnownFileType = sourcecode.swift; path = Int.swift; sourceTree = "<group>"; };
		1E11AFB01943225B006BCE48 /* Range.swift */ = {isa = PBXFileReference; fileEncoding = 4; lastKnownFileType = sourcecode.swift; path = Range.swift; sourceTree = "<group>"; };
		1E11AFB11943225B006BCE48 /* String.swift */ = {isa = PBXFileReference; fileEncoding = 4; lastKnownFileType = sourcecode.swift; path = String.swift; sourceTree = "<group>"; };
		1E48E61D1973ED07006FEEC8 /* Double.swift */ = {isa = PBXFileReference; fileEncoding = 4; lastKnownFileType = sourcecode.swift; path = Double.swift; sourceTree = "<group>"; };
		1E48E6221973ED22006FEEC8 /* ExSwiftDoubleTests.swift */ = {isa = PBXFileReference; fileEncoding = 4; lastKnownFileType = sourcecode.swift; path = ExSwiftDoubleTests.swift; sourceTree = "<group>"; };
		1EA5F689194387CA00E8A40F /* ExSwiftTests.swift */ = {isa = PBXFileReference; fileEncoding = 4; lastKnownFileType = sourcecode.swift; path = ExSwiftTests.swift; sourceTree = "<group>"; };
		1EC241FB1946E91B0047109A /* NSArray.swift */ = {isa = PBXFileReference; fileEncoding = 4; lastKnownFileType = sourcecode.swift; path = NSArray.swift; sourceTree = "<group>"; };
		1EC241FD1946E92E0047109A /* ExSwiftNSArrayTests.swift */ = {isa = PBXFileReference; fileEncoding = 4; lastKnownFileType = sourcecode.swift; path = ExSwiftNSArrayTests.swift; sourceTree = "<group>"; };
		1ED536831943863100BDA94E /* ExSwift.swift */ = {isa = PBXFileReference; fileEncoding = 4; lastKnownFileType = sourcecode.swift; path = ExSwift.swift; sourceTree = "<group>"; };
		2E8CE8EB194ECF2A008B9919 /* ExSwift.framework */ = {isa = PBXFileReference; explicitFileType = wrapper.framework; includeInIndex = 0; path = ExSwift.framework; sourceTree = BUILT_PRODUCTS_DIR; };
		2EC02FBD194ED0D500619CB5 /* ExSwift-iOS Tests.xctest */ = {isa = PBXFileReference; explicitFileType = wrapper.cfbundle; includeInIndex = 0; path = "ExSwift-iOS Tests.xctest"; sourceTree = BUILT_PRODUCTS_DIR; };
		3C0AB977195C7FAF0009BDA0 /* Sequence.swift */ = {isa = PBXFileReference; fileEncoding = 4; lastKnownFileType = sourcecode.swift; path = Sequence.swift; sourceTree = "<group>"; };
		3C0AB97C195C7FBC0009BDA0 /* ExSwiftSequenceTests.swift */ = {isa = PBXFileReference; fileEncoding = 4; lastKnownFileType = sourcecode.swift; path = ExSwiftSequenceTests.swift; sourceTree = "<group>"; };
/* End PBXFileReference section */

/* Begin PBXFrameworksBuildPhase section */
		1E11AF801943222D006BCE48 /* Frameworks */ = {
			isa = PBXFrameworksBuildPhase;
			buildActionMask = 2147483647;
			files = (
			);
			runOnlyForDeploymentPostprocessing = 0;
		};
		1E11AF8C1943222D006BCE48 /* Frameworks */ = {
			isa = PBXFrameworksBuildPhase;
			buildActionMask = 2147483647;
			files = (
			);
			runOnlyForDeploymentPostprocessing = 0;
		};
		2E8CE8E7194ECF29008B9919 /* Frameworks */ = {
			isa = PBXFrameworksBuildPhase;
			buildActionMask = 2147483647;
			files = (
			);
			runOnlyForDeploymentPostprocessing = 0;
		};
		2EC02FBA194ED0D500619CB5 /* Frameworks */ = {
			isa = PBXFrameworksBuildPhase;
			buildActionMask = 2147483647;
			files = (
			);
			runOnlyForDeploymentPostprocessing = 0;
		};
/* End PBXFrameworksBuildPhase section */

/* Begin PBXGroup section */
		1E11AF7A1943222D006BCE48 = {
			isa = PBXGroup;
			children = (
				1E11AF861943222D006BCE48 /* ExSwift */,
				1E11AF931943222D006BCE48 /* ExSwiftTests */,
				1E11AF851943222D006BCE48 /* Products */,
			);
			sourceTree = "<group>";
		};
		1E11AF851943222D006BCE48 /* Products */ = {
			isa = PBXGroup;
			children = (
				1E11AF841943222D006BCE48 /* ExSwift.framework */,
				1E11AF8F1943222D006BCE48 /* ExSwiftTests.xctest */,
				2E8CE8EB194ECF2A008B9919 /* ExSwift.framework */,
				2EC02FBD194ED0D500619CB5 /* ExSwift-iOS Tests.xctest */,
			);
			name = Products;
			sourceTree = "<group>";
		};
		1E11AF861943222D006BCE48 /* ExSwift */ = {
			isa = PBXGroup;
			children = (
				3C0AB977195C7FAF0009BDA0 /* Sequence.swift */,
				1ED536831943863100BDA94E /* ExSwift.swift */,
				1E11AFAC1943225B006BCE48 /* Array.swift */,
				1E11AFAD1943225B006BCE48 /* Dictionary.swift */,
				1E48E61D1973ED07006FEEC8 /* Double.swift */,
				1E11AFAE1943225B006BCE48 /* Float.swift */,
				1E11AFAF1943225B006BCE48 /* Int.swift */,
				1E11AFB01943225B006BCE48 /* Range.swift */,
				1E11AFB11943225B006BCE48 /* String.swift */,
				1EC241FB1946E91B0047109A /* NSArray.swift */,
				1E11AF891943222D006BCE48 /* ExSwift.h */,
				1E11AF871943222D006BCE48 /* Supporting Files */,
			);
			path = ExSwift;
			sourceTree = "<group>";
		};
		1E11AF871943222D006BCE48 /* Supporting Files */ = {
			isa = PBXGroup;
			children = (
				1E11AF881943222D006BCE48 /* Info.plist */,
			);
			name = "Supporting Files";
			sourceTree = "<group>";
		};
		1E11AF931943222D006BCE48 /* ExSwiftTests */ = {
			isa = PBXGroup;
			children = (
				3C0AB97C195C7FBC0009BDA0 /* ExSwiftSequenceTests.swift */,
				1E11AFA019432236006BCE48 /* ExSwiftArrayTests.swift */,
				1E11AFA119432236006BCE48 /* ExSwiftDictionaryTests.swift */,
				1E48E6221973ED22006FEEC8 /* ExSwiftDoubleTests.swift */,
				1E11AFA219432236006BCE48 /* ExSwiftFloatTests.swift */,
				1E11AFA319432236006BCE48 /* ExSwiftIntTests.swift */,
				1E11AFA419432236006BCE48 /* ExSwiftRangeTests.swift */,
				1E11AFA519432236006BCE48 /* ExSwiftStringTests.swift */,
				1EA5F689194387CA00E8A40F /* ExSwiftTests.swift */,
				1EC241FD1946E92E0047109A /* ExSwiftNSArrayTests.swift */,
				1E11AF941943222D006BCE48 /* Supporting Files */,
			);
			path = ExSwiftTests;
			sourceTree = "<group>";
		};
		1E11AF941943222D006BCE48 /* Supporting Files */ = {
			isa = PBXGroup;
			children = (
				1E11AF951943222D006BCE48 /* Info.plist */,
			);
			name = "Supporting Files";
			sourceTree = "<group>";
		};
/* End PBXGroup section */

/* Begin PBXHeadersBuildPhase section */
		1E11AF811943222D006BCE48 /* Headers */ = {
			isa = PBXHeadersBuildPhase;
			buildActionMask = 2147483647;
			files = (
				1E11AF8A1943222D006BCE48 /* ExSwift.h in Headers */,
			);
			runOnlyForDeploymentPostprocessing = 0;
		};
		2E8CE8E8194ECF29008B9919 /* Headers */ = {
			isa = PBXHeadersBuildPhase;
			buildActionMask = 2147483647;
			files = (
				2EC02FD2194ED10500619CB5 /* ExSwift.h in Headers */,
			);
			runOnlyForDeploymentPostprocessing = 0;
		};
/* End PBXHeadersBuildPhase section */

/* Begin PBXNativeTarget section */
		1E11AF831943222D006BCE48 /* ExSwift */ = {
			isa = PBXNativeTarget;
			buildConfigurationList = 1E11AF9A1943222D006BCE48 /* Build configuration list for PBXNativeTarget "ExSwift" */;
			buildPhases = (
				1E11AF7F1943222D006BCE48 /* Sources */,
				1E11AF801943222D006BCE48 /* Frameworks */,
				1E11AF811943222D006BCE48 /* Headers */,
				1E11AF821943222D006BCE48 /* Resources */,
			);
			buildRules = (
			);
			dependencies = (
			);
			name = ExSwift;
			productName = ExSwift;
			productReference = 1E11AF841943222D006BCE48 /* ExSwift.framework */;
			productType = "com.apple.product-type.framework";
		};
		1E11AF8E1943222D006BCE48 /* ExSwiftTests */ = {
			isa = PBXNativeTarget;
			buildConfigurationList = 1E11AF9D1943222D006BCE48 /* Build configuration list for PBXNativeTarget "ExSwiftTests" */;
			buildPhases = (
				1E11AF8B1943222D006BCE48 /* Sources */,
				1E11AF8C1943222D006BCE48 /* Frameworks */,
				1E11AF8D1943222D006BCE48 /* Resources */,
			);
			buildRules = (
			);
			dependencies = (
			);
			name = ExSwiftTests;
			productName = ExSwiftTests;
			productReference = 1E11AF8F1943222D006BCE48 /* ExSwiftTests.xctest */;
			productType = "com.apple.product-type.bundle.unit-test";
		};
		2E8CE8EA194ECF29008B9919 /* ExSwift-iOS */ = {
			isa = PBXNativeTarget;
			buildConfigurationList = 2E8CE902194ECF2A008B9919 /* Build configuration list for PBXNativeTarget "ExSwift-iOS" */;
			buildPhases = (
				2E8CE8E6194ECF29008B9919 /* Sources */,
				2E8CE8E7194ECF29008B9919 /* Frameworks */,
				2E8CE8E8194ECF29008B9919 /* Headers */,
				2E8CE8E9194ECF29008B9919 /* Resources */,
			);
			buildRules = (
			);
			dependencies = (
			);
			name = "ExSwift-iOS";
			productName = "ExSwift-iOS";
			productReference = 2E8CE8EB194ECF2A008B9919 /* ExSwift.framework */;
			productType = "com.apple.product-type.framework";
		};
		2EC02FBC194ED0D500619CB5 /* ExSwift-iOS Tests */ = {
			isa = PBXNativeTarget;
			buildConfigurationList = 2EC02FC6194ED0D500619CB5 /* Build configuration list for PBXNativeTarget "ExSwift-iOS Tests" */;
			buildPhases = (
				2EC02FB9194ED0D500619CB5 /* Sources */,
				2EC02FBA194ED0D500619CB5 /* Frameworks */,
				2EC02FBB194ED0D500619CB5 /* Resources */,
			);
			buildRules = (
			);
			dependencies = (
			);
			name = "ExSwift-iOS Tests";
			productName = "ExSwift-iOS Tests";
			productReference = 2EC02FBD194ED0D500619CB5 /* ExSwift-iOS Tests.xctest */;
			productType = "com.apple.product-type.bundle.unit-test";
		};
/* End PBXNativeTarget section */

/* Begin PBXProject section */
		1E11AF7B1943222D006BCE48 /* Project object */ = {
			isa = PBXProject;
			attributes = {
				LastUpgradeCheck = 0600;
				ORGANIZATIONNAME = pNre;
				TargetAttributes = {
					1E11AF831943222D006BCE48 = {
						CreatedOnToolsVersion = 6.0;
					};
					1E11AF8E1943222D006BCE48 = {
						CreatedOnToolsVersion = 6.0;
						TestTargetID = 1E11AF831943222D006BCE48;
					};
					2E8CE8EA194ECF29008B9919 = {
						CreatedOnToolsVersion = 6.0;
					};
					2EC02FBC194ED0D500619CB5 = {
						CreatedOnToolsVersion = 6.0;
						TestTargetID = 2E8CE8EA194ECF29008B9919;
					};
				};
			};
			buildConfigurationList = 1E11AF7E1943222D006BCE48 /* Build configuration list for PBXProject "ExSwift" */;
			compatibilityVersion = "Xcode 3.2";
			developmentRegion = English;
			hasScannedForEncodings = 0;
			knownRegions = (
				en,
			);
			mainGroup = 1E11AF7A1943222D006BCE48;
			productRefGroup = 1E11AF851943222D006BCE48 /* Products */;
			projectDirPath = "";
			projectRoot = "";
			targets = (
				1E11AF831943222D006BCE48 /* ExSwift */,
				1E11AF8E1943222D006BCE48 /* ExSwiftTests */,
				2E8CE8EA194ECF29008B9919 /* ExSwift-iOS */,
				2EC02FBC194ED0D500619CB5 /* ExSwift-iOS Tests */,
			);
		};
/* End PBXProject section */

/* Begin PBXResourcesBuildPhase section */
		1E11AF821943222D006BCE48 /* Resources */ = {
			isa = PBXResourcesBuildPhase;
			buildActionMask = 2147483647;
			files = (
			);
			runOnlyForDeploymentPostprocessing = 0;
		};
		1E11AF8D1943222D006BCE48 /* Resources */ = {
			isa = PBXResourcesBuildPhase;
			buildActionMask = 2147483647;
			files = (
			);
			runOnlyForDeploymentPostprocessing = 0;
		};
		2E8CE8E9194ECF29008B9919 /* Resources */ = {
			isa = PBXResourcesBuildPhase;
			buildActionMask = 2147483647;
			files = (
			);
			runOnlyForDeploymentPostprocessing = 0;
		};
		2EC02FBB194ED0D500619CB5 /* Resources */ = {
			isa = PBXResourcesBuildPhase;
			buildActionMask = 2147483647;
			files = (
			);
			runOnlyForDeploymentPostprocessing = 0;
		};
/* End PBXResourcesBuildPhase section */

/* Begin PBXSourcesBuildPhase section */
		1E11AF7F1943222D006BCE48 /* Sources */ = {
			isa = PBXSourcesBuildPhase;
			buildActionMask = 2147483647;
			files = (
				1EC241FC1946E91B0047109A /* NSArray.swift in Sources */,
				1E11AFBC1943225B006BCE48 /* String.swift in Sources */,
				3C0AB978195C7FAF0009BDA0 /* Sequence.swift in Sources */,
				1E11AFB21943225B006BCE48 /* Array.swift in Sources */,
				1ED536841943863100BDA94E /* ExSwift.swift in Sources */,
				1E11AFB41943225B006BCE48 /* Dictionary.swift in Sources */,
				1E11AFB61943225B006BCE48 /* Float.swift in Sources */,
				1E11AFB81943225B006BCE48 /* Int.swift in Sources */,
				1E48E61E1973ED07006FEEC8 /* Double.swift in Sources */,
				1E11AFBA1943225B006BCE48 /* Range.swift in Sources */,
			);
			runOnlyForDeploymentPostprocessing = 0;
		};
		1E11AF8B1943222D006BCE48 /* Sources */ = {
			isa = PBXSourcesBuildPhase;
			buildActionMask = 2147483647;
			files = (
				1E1DABF5197ECF030070CFBC /* ExSwiftArrayTests.swift in Sources */,
				1E11AFAA19432236006BCE48 /* ExSwiftRangeTests.swift in Sources */,
				2EB34F09195473AC00A8D2AF /* Int.swift in Sources */,
				2EB34F06195473AC00A8D2AF /* Array.swift in Sources */,
				1EC241FE1946E92E0047109A /* ExSwiftNSArrayTests.swift in Sources */,
				2EB34F07195473AC00A8D2AF /* Dictionary.swift in Sources */,
				3C0AB979195C7FB20009BDA0 /* Sequence.swift in Sources */,
				1E48E6231973ED22006FEEC8 /* ExSwiftDoubleTests.swift in Sources */,
				1E11AFA819432236006BCE48 /* ExSwiftFloatTests.swift in Sources */,
				1E11AFA719432236006BCE48 /* ExSwiftDictionaryTests.swift in Sources */,
				1E48E61F1973ED07006FEEC8 /* Double.swift in Sources */,
				3C0AB97D195C7FBC0009BDA0 /* ExSwiftSequenceTests.swift in Sources */,
				2EB34F0C195473AC00A8D2AF /* NSArray.swift in Sources */,
				2EB34F05195473AC00A8D2AF /* ExSwift.swift in Sources */,
				2EB34F08195473AC00A8D2AF /* Float.swift in Sources */,
				1E11AFAB19432236006BCE48 /* ExSwiftStringTests.swift in Sources */,
				1E11AFA919432236006BCE48 /* ExSwiftIntTests.swift in Sources */,
				2EB34F0B195473AC00A8D2AF /* String.swift in Sources */,
				1EA5F68A194387CA00E8A40F /* ExSwiftTests.swift in Sources */,
				2EB34F0A195473AC00A8D2AF /* Range.swift in Sources */,
			);
			runOnlyForDeploymentPostprocessing = 0;
		};
		2E8CE8E6194ECF29008B9919 /* Sources */ = {
			isa = PBXSourcesBuildPhase;
			buildActionMask = 2147483647;
			files = (
				2EC02FD1194ED10500619CB5 /* NSArray.swift in Sources */,
				2EC02FCD194ED10500619CB5 /* Float.swift in Sources */,
				3C0AB97A195C7FB30009BDA0 /* Sequence.swift in Sources */,
				2EC02FCA194ED10500619CB5 /* ExSwift.swift in Sources */,
				2EC02FCE194ED10500619CB5 /* Int.swift in Sources */,
				2EC02FCF194ED10500619CB5 /* Range.swift in Sources */,
				2EC02FD0194ED10500619CB5 /* String.swift in Sources */,
				2EC02FCB194ED10500619CB5 /* Array.swift in Sources */,
				1E48E6201973ED07006FEEC8 /* Double.swift in Sources */,
				2EC02FCC194ED10500619CB5 /* Dictionary.swift in Sources */,
			);
			runOnlyForDeploymentPostprocessing = 0;
		};
		2EC02FB9194ED0D500619CB5 /* Sources */ = {
			isa = PBXSourcesBuildPhase;
			buildActionMask = 2147483647;
			files = (
				1ED8FC30194EF9E1004F829A /* ExSwiftDictionaryTests.swift in Sources */,
				2EB34F111954744D00A8D2AF /* Int.swift in Sources */,
				2EB34F0E1954744D00A8D2AF /* Array.swift in Sources */,
				1ED8FC31194EF9E1004F829A /* ExSwiftFloatTests.swift in Sources */,
				1ED8FC32194EF9E1004F829A /* ExSwiftIntTests.swift in Sources */,
				2EB34F0F1954744D00A8D2AF /* Dictionary.swift in Sources */,
				3C0AB97B195C7FB30009BDA0 /* Sequence.swift in Sources */,
				1E48E6241973ED22006FEEC8 /* ExSwiftDoubleTests.swift in Sources */,
				1ED8FC33194EF9E1004F829A /* ExSwiftRangeTests.swift in Sources */,
				1ED8FC34194EF9E1004F829A /* ExSwiftStringTests.swift in Sources */,
				1E48E6211973ED07006FEEC8 /* Double.swift in Sources */,
				3C0AB97E195C7FC20009BDA0 /* ExSwiftSequenceTests.swift in Sources */,
				2EB34F141954744D00A8D2AF /* NSArray.swift in Sources */,
				2EB34F0D1954744D00A8D2AF /* ExSwift.swift in Sources */,
				2EB34F101954744D00A8D2AF /* Float.swift in Sources */,
				1ED8FC35194EF9E1004F829A /* ExSwiftTests.swift in Sources */,
				1ED8FC36194EF9E1004F829A /* ExSwiftNSArrayTests.swift in Sources */,
				2EB34F131954744D00A8D2AF /* String.swift in Sources */,
				2EC02FC9194ED0F000619CB5 /* ExSwiftArrayTests.swift in Sources */,
				2EB34F121954744D00A8D2AF /* Range.swift in Sources */,
			);
			runOnlyForDeploymentPostprocessing = 0;
		};
/* End PBXSourcesBuildPhase section */

/* Begin XCBuildConfiguration section */
		1E11AF981943222D006BCE48 /* Debug */ = {
			isa = XCBuildConfiguration;
			buildSettings = {
				ALWAYS_SEARCH_USER_PATHS = NO;
				CLANG_CXX_LANGUAGE_STANDARD = "gnu++0x";
				CLANG_CXX_LIBRARY = "libc++";
				CLANG_ENABLE_MODULES = YES;
				CLANG_ENABLE_OBJC_ARC = YES;
				CLANG_WARN_BOOL_CONVERSION = YES;
				CLANG_WARN_CONSTANT_CONVERSION = YES;
				CLANG_WARN_DIRECT_OBJC_ISA_USAGE = YES_ERROR;
				CLANG_WARN_EMPTY_BODY = YES;
				CLANG_WARN_ENUM_CONVERSION = YES;
				CLANG_WARN_INT_CONVERSION = YES;
				CLANG_WARN_OBJC_ROOT_CLASS = YES_ERROR;
				CLANG_WARN_UNREACHABLE_CODE = YES;
				CLANG_WARN__DUPLICATE_METHOD_MATCH = YES;
				COPY_PHASE_STRIP = NO;
				CURRENT_PROJECT_VERSION = 1;
				DEBUG_INFORMATION_FORMAT = "dwarf-with-dsym";
				ENABLE_STRICT_OBJC_MSGSEND = YES;
				GCC_C_LANGUAGE_STANDARD = gnu99;
				GCC_DYNAMIC_NO_PIC = NO;
				GCC_OPTIMIZATION_LEVEL = 0;
				GCC_PREPROCESSOR_DEFINITIONS = (
					"DEBUG=1",
					"$(inherited)",
				);
				GCC_SYMBOLS_PRIVATE_EXTERN = NO;
				GCC_WARN_64_TO_32_BIT_CONVERSION = YES;
				GCC_WARN_ABOUT_RETURN_TYPE = YES_ERROR;
				GCC_WARN_UNDECLARED_SELECTOR = YES;
				GCC_WARN_UNINITIALIZED_AUTOS = YES_AGGRESSIVE;
				GCC_WARN_UNUSED_FUNCTION = YES;
				GCC_WARN_UNUSED_VARIABLE = YES;
				MACOSX_DEPLOYMENT_TARGET = 10.9;
				METAL_ENABLE_DEBUG_INFO = YES;
				ONLY_ACTIVE_ARCH = YES;
				SDKROOT = macosx;
				SWIFT_OPTIMIZATION_LEVEL = "-Onone";
				VERSIONING_SYSTEM = "apple-generic";
				VERSION_INFO_PREFIX = "";
			};
			name = Debug;
		};
		1E11AF991943222D006BCE48 /* Release */ = {
			isa = XCBuildConfiguration;
			buildSettings = {
				ALWAYS_SEARCH_USER_PATHS = NO;
				CLANG_CXX_LANGUAGE_STANDARD = "gnu++0x";
				CLANG_CXX_LIBRARY = "libc++";
				CLANG_ENABLE_MODULES = YES;
				CLANG_ENABLE_OBJC_ARC = YES;
				CLANG_WARN_BOOL_CONVERSION = YES;
				CLANG_WARN_CONSTANT_CONVERSION = YES;
				CLANG_WARN_DIRECT_OBJC_ISA_USAGE = YES_ERROR;
				CLANG_WARN_EMPTY_BODY = YES;
				CLANG_WARN_ENUM_CONVERSION = YES;
				CLANG_WARN_INT_CONVERSION = YES;
				CLANG_WARN_OBJC_ROOT_CLASS = YES_ERROR;
				CLANG_WARN_UNREACHABLE_CODE = YES;
				CLANG_WARN__DUPLICATE_METHOD_MATCH = YES;
				COPY_PHASE_STRIP = YES;
				CURRENT_PROJECT_VERSION = 1;
				DEBUG_INFORMATION_FORMAT = "dwarf-with-dsym";
				ENABLE_NS_ASSERTIONS = NO;
				ENABLE_STRICT_OBJC_MSGSEND = YES;
				GCC_C_LANGUAGE_STANDARD = gnu99;
				GCC_WARN_64_TO_32_BIT_CONVERSION = YES;
				GCC_WARN_ABOUT_RETURN_TYPE = YES_ERROR;
				GCC_WARN_UNDECLARED_SELECTOR = YES;
				GCC_WARN_UNINITIALIZED_AUTOS = YES_AGGRESSIVE;
				GCC_WARN_UNUSED_FUNCTION = YES;
				GCC_WARN_UNUSED_VARIABLE = YES;
				MACOSX_DEPLOYMENT_TARGET = 10.9;
				METAL_ENABLE_DEBUG_INFO = NO;
				ONLY_ACTIVE_ARCH = NO;
				SDKROOT = macosx;
				SWIFT_OPTIMIZATION_LEVEL = "-Onone";
				VERSIONING_SYSTEM = "apple-generic";
				VERSION_INFO_PREFIX = "";
			};
			name = Release;
		};
		1E11AF9B1943222D006BCE48 /* Debug */ = {
			isa = XCBuildConfiguration;
			buildSettings = {
				CLANG_ENABLE_MODULES = YES;
				COMBINE_HIDPI_IMAGES = YES;
				DEFINES_MODULE = YES;
				DYLIB_COMPATIBILITY_VERSION = 1;
				DYLIB_CURRENT_VERSION = 1;
				DYLIB_INSTALL_NAME_BASE = "@rpath";
				FRAMEWORK_VERSION = A;
				INFOPLIST_FILE = ExSwift/Info.plist;
				INSTALL_PATH = "$(LOCAL_LIBRARY_DIR)/Frameworks";
				LD_RUNPATH_SEARCH_PATHS = "$(inherited) @executable_path/Frameworks @loader_path/Frameworks";
				PRODUCT_NAME = "$(TARGET_NAME)";
				SKIP_INSTALL = YES;
				SWIFT_OPTIMIZATION_LEVEL = "-O";
			};
			name = Debug;
		};
		1E11AF9C1943222D006BCE48 /* Release */ = {
			isa = XCBuildConfiguration;
			buildSettings = {
				CLANG_ENABLE_MODULES = YES;
				COMBINE_HIDPI_IMAGES = YES;
				DEFINES_MODULE = YES;
				DYLIB_COMPATIBILITY_VERSION = 1;
				DYLIB_CURRENT_VERSION = 1;
				DYLIB_INSTALL_NAME_BASE = "@rpath";
				FRAMEWORK_VERSION = A;
				INFOPLIST_FILE = ExSwift/Info.plist;
				INSTALL_PATH = "$(LOCAL_LIBRARY_DIR)/Frameworks";
				LD_RUNPATH_SEARCH_PATHS = "$(inherited) @executable_path/Frameworks @loader_path/Frameworks";
				PRODUCT_NAME = "$(TARGET_NAME)";
				SKIP_INSTALL = YES;
			};
			name = Release;
		};
		1E11AF9E1943222D006BCE48 /* Debug */ = {
			isa = XCBuildConfiguration;
			buildSettings = {
				COMBINE_HIDPI_IMAGES = YES;
				FRAMEWORK_SEARCH_PATHS = (
					"$(DEVELOPER_FRAMEWORKS_DIR)",
					"$(inherited)",
				);
				GCC_PREPROCESSOR_DEFINITIONS = (
					"DEBUG=1",
					"$(inherited)",
				);
				INFOPLIST_FILE = ExSwiftTests/Info.plist;
				LD_RUNPATH_SEARCH_PATHS = "$(inherited) @executable_path/../Frameworks @loader_path/../Frameworks";
				METAL_ENABLE_DEBUG_INFO = YES;
				PRODUCT_NAME = "$(TARGET_NAME)";
			};
			name = Debug;
		};
		1E11AF9F1943222D006BCE48 /* Release */ = {
			isa = XCBuildConfiguration;
			buildSettings = {
				COMBINE_HIDPI_IMAGES = YES;
				FRAMEWORK_SEARCH_PATHS = (
					"$(DEVELOPER_FRAMEWORKS_DIR)",
					"$(inherited)",
				);
				INFOPLIST_FILE = ExSwiftTests/Info.plist;
				LD_RUNPATH_SEARCH_PATHS = "$(inherited) @executable_path/../Frameworks @loader_path/../Frameworks";
				METAL_ENABLE_DEBUG_INFO = NO;
				PRODUCT_NAME = "$(TARGET_NAME)";
			};
			name = Release;
		};
		2E8CE8FE194ECF2A008B9919 /* Debug */ = {
			isa = XCBuildConfiguration;
			buildSettings = {
				"CODE_SIGN_IDENTITY[sdk=iphoneos*]" = "iPhone Developer";
				DEFINES_MODULE = YES;
				DYLIB_COMPATIBILITY_VERSION = 1;
				DYLIB_CURRENT_VERSION = 1;
				DYLIB_INSTALL_NAME_BASE = "@rpath";
				GCC_PREPROCESSOR_DEFINITIONS = (
					"DEBUG=1",
					"$(inherited)",
				);
				INFOPLIST_FILE = ExSwift/Info.plist;
				INSTALL_PATH = "$(LOCAL_LIBRARY_DIR)/Frameworks";
				IPHONEOS_DEPLOYMENT_TARGET = 8.0;
				LD_RUNPATH_SEARCH_PATHS = "$(inherited) @executable_path/Frameworks @loader_path/Frameworks";
				METAL_ENABLE_DEBUG_INFO = YES;
				PRODUCT_NAME = ExSwift;
				SDKROOT = iphoneos;
				SKIP_INSTALL = YES;
				TARGETED_DEVICE_FAMILY = "1,2";
			};
			name = Debug;
		};
		2E8CE8FF194ECF2A008B9919 /* Release */ = {
			isa = XCBuildConfiguration;
			buildSettings = {
				"CODE_SIGN_IDENTITY[sdk=iphoneos*]" = "iPhone Developer";
				DEFINES_MODULE = YES;
				DYLIB_COMPATIBILITY_VERSION = 1;
				DYLIB_CURRENT_VERSION = 1;
				DYLIB_INSTALL_NAME_BASE = "@rpath";
				INFOPLIST_FILE = ExSwift/Info.plist;
				INSTALL_PATH = "$(LOCAL_LIBRARY_DIR)/Frameworks";
				IPHONEOS_DEPLOYMENT_TARGET = 8.0;
				LD_RUNPATH_SEARCH_PATHS = "$(inherited) @executable_path/Frameworks @loader_path/Frameworks";
				METAL_ENABLE_DEBUG_INFO = NO;
				PRODUCT_NAME = ExSwift;
				SDKROOT = iphoneos;
				SKIP_INSTALL = YES;
				TARGETED_DEVICE_FAMILY = "1,2";
				VALIDATE_PRODUCT = YES;
			};
			name = Release;
		};
		2EC02FC7194ED0D500619CB5 /* Debug */ = {
			isa = XCBuildConfiguration;
			buildSettings = {
				FRAMEWORK_SEARCH_PATHS = (
					"$(SDKROOT)/Developer/Library/Frameworks",
					"$(inherited)",
				);
				GCC_PREPROCESSOR_DEFINITIONS = (
					"DEBUG=1",
					"$(inherited)",
				);
				INFOPLIST_FILE = ExSwiftTests/Info.plist;
				IPHONEOS_DEPLOYMENT_TARGET = 8.0;
				LD_RUNPATH_SEARCH_PATHS = "$(inherited) @executable_path/Frameworks @loader_path/Frameworks";
				METAL_ENABLE_DEBUG_INFO = YES;
				PRODUCT_NAME = "$(TARGET_NAME)";
				SDKROOT = iphoneos;
			};
			name = Debug;
		};
		2EC02FC8194ED0D500619CB5 /* Release */ = {
			isa = XCBuildConfiguration;
			buildSettings = {
				FRAMEWORK_SEARCH_PATHS = (
					"$(SDKROOT)/Developer/Library/Frameworks",
					"$(inherited)",
				);
				INFOPLIST_FILE = ExSwiftTests/Info.plist;
				IPHONEOS_DEPLOYMENT_TARGET = 8.0;
				LD_RUNPATH_SEARCH_PATHS = "$(inherited) @executable_path/Frameworks @loader_path/Frameworks";
				METAL_ENABLE_DEBUG_INFO = NO;
				PRODUCT_NAME = "$(TARGET_NAME)";
				SDKROOT = iphoneos;
				VALIDATE_PRODUCT = YES;
			};
			name = Release;
		};
/* End XCBuildConfiguration section */

/* Begin XCConfigurationList section */
		1E11AF7E1943222D006BCE48 /* Build configuration list for PBXProject "ExSwift" */ = {
			isa = XCConfigurationList;
			buildConfigurations = (
				1E11AF981943222D006BCE48 /* Debug */,
				1E11AF991943222D006BCE48 /* Release */,
			);
			defaultConfigurationIsVisible = 0;
			defaultConfigurationName = Release;
		};
		1E11AF9A1943222D006BCE48 /* Build configuration list for PBXNativeTarget "ExSwift" */ = {
			isa = XCConfigurationList;
			buildConfigurations = (
				1E11AF9B1943222D006BCE48 /* Debug */,
				1E11AF9C1943222D006BCE48 /* Release */,
			);
			defaultConfigurationIsVisible = 0;
			defaultConfigurationName = Release;
		};
		1E11AF9D1943222D006BCE48 /* Build configuration list for PBXNativeTarget "ExSwiftTests" */ = {
			isa = XCConfigurationList;
			buildConfigurations = (
				1E11AF9E1943222D006BCE48 /* Debug */,
				1E11AF9F1943222D006BCE48 /* Release */,
			);
			defaultConfigurationIsVisible = 0;
			defaultConfigurationName = Release;
		};
		2E8CE902194ECF2A008B9919 /* Build configuration list for PBXNativeTarget "ExSwift-iOS" */ = {
			isa = XCConfigurationList;
			buildConfigurations = (
				2E8CE8FE194ECF2A008B9919 /* Debug */,
				2E8CE8FF194ECF2A008B9919 /* Release */,
			);
			defaultConfigurationIsVisible = 0;
			defaultConfigurationName = Release;
		};
		2EC02FC6194ED0D500619CB5 /* Build configuration list for PBXNativeTarget "ExSwift-iOS Tests" */ = {
			isa = XCConfigurationList;
			buildConfigurations = (
				2EC02FC7194ED0D500619CB5 /* Debug */,
				2EC02FC8194ED0D500619CB5 /* Release */,
			);
			defaultConfigurationIsVisible = 0;
			defaultConfigurationName = Release;
		};
/* End XCConfigurationList section */
	};
	rootObject = 1E11AF7B1943222D006BCE48 /* Project object */;
}
